
Microsoft Visual Studio Solution File, Format Version 12.00
# Visual Studio Version 16
VisualStudioVersion = 16.0.30717.126
MinimumVisualStudioVersion = 10.0.40219.1
Project("{FAE04EC0-301F-11D3-BF4B-00C04F79EFBC}") = "WebFrontTestB2C", "WebFrontTestB2C\WebFrontTestB2C.csproj", "{F1F7B65A-A6A1-4248-99F0-C2AD8F94B028}"
EndProject
Global
	GlobalSection(SolutionConfigurationPlatforms) = preSolution
		Debug|Any CPU = Debug|Any CPU
		Release|Any CPU = Release|Any CPU
	EndGlobalSection
	GlobalSection(ProjectConfigurationPlatforms) = postSolution
		{F1F7B65A-A6A1-4248-99F0-C2AD8F94B028}.Debug|Any CPU.ActiveCfg = Debug|Any CPU
		{F1F7B65A-A6A1-4248-99F0-C2AD8F94B028}.Debug|Any CPU.Build.0 = Debug|Any CPU
		{F1F7B65A-A6A1-4248-99F0-C2AD8F94B028}.Release|Any CPU.ActiveCfg = Release|Any CPU
		{F1F7B65A-A6A1-4248-99F0-C2AD8F94B028}.Release|Any CPU.Build.0 = Release|Any CPU
	EndGlobalSection
	GlobalSection(SolutionProperties) = preSolution
		HideSolutionNode = FALSE
	EndGlobalSection
	GlobalSection(ExtensibilityGlobals) = postSolution
		SolutionGuid = {B8D9573B-D143-4A35-81FB-6CBA70B8E420}
	EndGlobalSection
EndGlobal
